
Microsoft Visual Studio Solution File, Format Version 12.00
# Visual Studio Version 18
VisualStudioVersion = 18.8.11918.235
MinimumVisualStudioVersion = 10.0.40219.1
Project("{FAE04EC0-301F-11D3-BF4B-00C04F79EFBC}") = "HotelTools", "HotelTools.csproj", "{C3DC48C9-CB3F-4B20-ABA5-D1B5E5301E4B}"
EndProject
Project("{FAE04EC0-301F-11D3-BF4B-00C04F79EFBC}") = "HotelTools.Tests", "HotelTools.Tests\HotelTools.Tests.csproj", "{723164B3-D145-4270-AECB-AD1054E882DD}"
EndProject
Global
	GlobalSection(SolutionConfigurationPlatforms) = preSolution
		Debug|Any CPU = Debug|Any CPU
		Debug|x64 = Debug|x64
		Debug|x86 = Debug|x86
		Release|Any CPU = Release|Any CPU
		Release|x64 = Release|x64
		Release|x86 = Release|x86
	EndGlobalSection
	GlobalSection(ProjectConfigurationPlatforms) = postSolution
		{C3DC48C9-CB3F-4B20-ABA5-D1B5E5301E4B}.Debug|Any CPU.ActiveCfg = Debug|Any CPU
		{C3DC48C9-CB3F-4B20-ABA5-D1B5E5301E4B}.Debug|Any CPU.Build.0 = Debug|Any CPU
		{C3DC48C9-CB3F-4B20-ABA5-D1B5E5301E4B}.Debug|x64.ActiveCfg = Debug|Any CPU
		{C3DC48C9-CB3F-4B20-ABA5-D1B5E5301E4B}.Debug|x64.Build.0 = Debug|Any CPU
		{C3DC48C9-CB3F-4B20-ABA5-D1B5E5301E4B}.Debug|x86.ActiveCfg = Debug|Any CPU
		{C3DC48C9-CB3F-4B20-ABA5-D1B5E5301E4B}.Debug|x86.Build.0 = Debug|Any CPU
		{C3DC48C9-CB3F-4B20-ABA5-D1B5E5301E4B}.Release|Any CPU.ActiveCfg = Release|Any CPU
		{C3DC48C9-CB3F-4B20-ABA5-D1B5E5301E4B}.Release|Any CPU.Build.0 = Release|Any CPU
		{C3DC48C9-CB3F-4B20-ABA5-D1B5E5301E4B}.Release|x64.ActiveCfg = Release|Any CPU
		{C3DC48C9-CB3F-4B20-ABA5-D1B5E5301E4B}.Release|x64.Build.0 = Release|Any CPU
		{C3DC48C9-CB3F-4B20-ABA5-D1B5E5301E4B}.Release|x86.ActiveCfg = Release|Any CPU
		{C3DC48C9-CB3F-4B20-ABA5-D1B5E5301E4B}.Release|x86.Build.0 = Release|Any CPU
		{723164B3-D145-4270-AECB-AD1054E882DD}.Debug|Any CPU.ActiveCfg = Debug|Any CPU
		{723164B3-D145-4270-AECB-AD1054E882DD}.Debug|Any CPU.Build.0 = Debug|Any CPU
		{723164B3-D145-4270-AECB-AD1054E882DD}.Debug|x64.ActiveCfg = Debug|Any CPU
		{723164B3-D145-4270-AECB-AD1054E882DD}.Debug|x64.Build.0 = Debug|Any CPU
		{723164B3-D145-4270-AECB-AD1054E882DD}.Debug|x86.ActiveCfg = Debug|Any CPU
		{723164B3-D145-4270-AECB-AD1054E882DD}.Debug|x86.Build.0 = Debug|Any CPU
		{723164B3-D145-4270-AECB-AD1054E882DD}.Release|Any CPU.ActiveCfg = Release|Any CPU
		{723164B3-D145-4270-AECB-AD1054E882DD}.Release|Any CPU.Build.0 = Release|Any CPU
		{723164B3-D145-4270-AECB-AD1054E882DD}.Release|x64.ActiveCfg = Release|Any CPU
		{723164B3-D145-4270-AECB-AD1054E882DD}.Release|x64.Build.0 = Release|Any CPU
		{723164B3-D145-4270-AECB-AD1054E882DD}.Release|x86.ActiveCfg = Release|Any CPU
		{723164B3-D145-4270-AECB-AD1054E882DD}.Release|x86.Build.0 = Release|Any CPU
	EndGlobalSection
	GlobalSection(SolutionProperties) = preSolution
		HideSolutionNode = FALSE
	EndGlobalSection
	GlobalSection(ExtensibilityGlobals) = postSolution
		SolutionGuid = {ACDC84BC-7310-4D0C-9CBE-1F4AD1D33173}
	EndGlobalSection
EndGlobal
