
Microsoft Visual Studio Solution File, Format Version 12.00
# Visual Studio Version 17
VisualStudioVersion = 17.12.35323.107
MinimumVisualStudioVersion = 10.0.40219.1
Project("{FAE04EC0-301F-11D3-BF4B-00C04F79EFBC}") = "HotelTools", "HotelTools.csproj", "{C3DC48C9-CB3F-4B20-ABA5-D1B5E5301E4B}"
EndProject
Global
	GlobalSection(SolutionConfigurationPlatforms) = preSolution
		Debug|Any CPU = Debug|Any CPU
		Release|Any CPU = Release|Any CPU
	EndGlobalSection
	GlobalSection(ProjectConfigurationPlatforms) = postSolution
		{C3DC48C9-CB3F-4B20-ABA5-D1B5E5301E4B}.Debug|Any CPU.ActiveCfg = Debug|Any CPU
		{C3DC48C9-CB3F-4B20-ABA5-D1B5E5301E4B}.Debug|Any CPU.Build.0 = Debug|Any CPU
		{C3DC48C9-CB3F-4B20-ABA5-D1B5E5301E4B}.Release|Any CPU.ActiveCfg = Release|Any CPU
		{C3DC48C9-CB3F-4B20-ABA5-D1B5E5301E4B}.Release|Any CPU.Build.0 = Release|Any CPU
	EndGlobalSection
	GlobalSection(SolutionProperties) = preSolution
		HideSolutionNode = FALSE
	EndGlobalSection
	GlobalSection(ExtensibilityGlobals) = postSolution
		SolutionGuid = {ACDC84BC-7310-4D0C-9CBE-1F4AD1D33173}
	EndGlobalSection
EndGlobal
